
Microsoft Visual Studio Solution File, Format Version 12.00
# Visual Studio Version 16
VisualStudioVersion = 16.0.31025.194
MinimumVisualStudioVersion = 10.0.40219.1
Project("{FAE04EC0-301F-11D3-BF4B-00C04F79EFBC}") = "DEF_handy_portals", "def_handy_portals\DEF_handy_portals.csproj", "{921C04E2-6724-46F9-AC5F-18C02C9DB610}"
EndProject
Project("{FAE04EC0-301F-11D3-BF4B-00C04F79EFBC}") = "DEF_more_minimap_icons", "DEF_More_minimap_icons\DEF_more_minimap_icons.csproj", "{899DC2BE-1EF4-4B03-A414-58690B941327}"
EndProject
Project("{FAE04EC0-301F-11D3-BF4B-00C04F79EFBC}") = "DEF_handy_portals_DS", "def_handy_portals_DS\DEF_handy_portals_DS.csproj", "{D1DFF1EE-E9DB-478D-91BA-AB77B278F62C}"
EndProject
Project("{FAE04EC0-301F-11D3-BF4B-00C04F79EFBC}") = "DEF_utils", "DEF_utils\DEF_utils.csproj", "{769E6186-D223-400E-8980-C079B6C51838}"
EndProject
Project("{FAE04EC0-301F-11D3-BF4B-00C04F79EFBC}") = "DEF_handy_ward", "DEF_handy_ward\DEF_handy_ward.csproj", "{341DAA63-E88C-409A-9BC4-74E011C6D0DB}"
EndProject
Global
	GlobalSection(SolutionConfigurationPlatforms) = preSolution
		Debug|Any CPU = Debug|Any CPU
		Release|Any CPU = Release|Any CPU
	EndGlobalSection
	GlobalSection(ProjectConfigurationPlatforms) = postSolution
		{921C04E2-6724-46F9-AC5F-18C02C9DB610}.Debug|Any CPU.ActiveCfg = Debug|Any CPU
		{921C04E2-6724-46F9-AC5F-18C02C9DB610}.Debug|Any CPU.Build.0 = Debug|Any CPU
		{921C04E2-6724-46F9-AC5F-18C02C9DB610}.Release|Any CPU.ActiveCfg = Release|Any CPU
		{921C04E2-6724-46F9-AC5F-18C02C9DB610}.Release|Any CPU.Build.0 = Release|Any CPU
		{899DC2BE-1EF4-4B03-A414-58690B941327}.Debug|Any CPU.ActiveCfg = Debug|Any CPU
		{899DC2BE-1EF4-4B03-A414-58690B941327}.Debug|Any CPU.Build.0 = Debug|Any CPU
		{899DC2BE-1EF4-4B03-A414-58690B941327}.Release|Any CPU.ActiveCfg = Release|Any CPU
		{899DC2BE-1EF4-4B03-A414-58690B941327}.Release|Any CPU.Build.0 = Release|Any CPU
		{D1DFF1EE-E9DB-478D-91BA-AB77B278F62C}.Debug|Any CPU.ActiveCfg = Debug|Any CPU
		{D1DFF1EE-E9DB-478D-91BA-AB77B278F62C}.Debug|Any CPU.Build.0 = Debug|Any CPU
		{D1DFF1EE-E9DB-478D-91BA-AB77B278F62C}.Release|Any CPU.ActiveCfg = Release|Any CPU
		{D1DFF1EE-E9DB-478D-91BA-AB77B278F62C}.Release|Any CPU.Build.0 = Release|Any CPU
		{769E6186-D223-400E-8980-C079B6C51838}.Debug|Any CPU.ActiveCfg = Debug|Any CPU
		{769E6186-D223-400E-8980-C079B6C51838}.Debug|Any CPU.Build.0 = Debug|Any CPU
		{769E6186-D223-400E-8980-C079B6C51838}.Release|Any CPU.ActiveCfg = Release|Any CPU
		{769E6186-D223-400E-8980-C079B6C51838}.Release|Any CPU.Build.0 = Release|Any CPU
		{341DAA63-E88C-409A-9BC4-74E011C6D0DB}.Debug|Any CPU.ActiveCfg = Debug|Any CPU
		{341DAA63-E88C-409A-9BC4-74E011C6D0DB}.Debug|Any CPU.Build.0 = Debug|Any CPU
		{341DAA63-E88C-409A-9BC4-74E011C6D0DB}.Release|Any CPU.ActiveCfg = Release|Any CPU
		{341DAA63-E88C-409A-9BC4-74E011C6D0DB}.Release|Any CPU.Build.0 = Release|Any CPU
	EndGlobalSection
	GlobalSection(SolutionProperties) = preSolution
		HideSolutionNode = FALSE
	EndGlobalSection
	GlobalSection(ExtensibilityGlobals) = postSolution
		SolutionGuid = {76ED5BEE-627C-402D-8392-60A0B366AE4B}
	EndGlobalSection
EndGlobal
